
Microsoft Visual Studio Solution File, Format Version 12.00
# Visual Studio Version 16
VisualStudioVersion = 16.0.31613.86
MinimumVisualStudioVersion = 10.0.40219.1
Project("{9A19103F-16F7-4668-BE54-9A1E7A4F7556}") = "RenameMaster", "RenameMaster.csproj", "{7DDD215A-EF8C-489D-B0C1-B1457AB90502}"
EndProject
Global
	GlobalSection(SolutionConfigurationPlatforms) = preSolution
		Debug|Any CPU = Debug|Any CPU
		Release|Any CPU = Release|Any CPU
	EndGlobalSection
	GlobalSection(ProjectConfigurationPlatforms) = postSolution
		{7DDD215A-EF8C-489D-B0C1-B1457AB90502}.Debug|Any CPU.ActiveCfg = Debug|Any CPU
		{7DDD215A-EF8C-489D-B0C1-B1457AB90502}.Debug|Any CPU.Build.0 = Debug|Any CPU
		{7DDD215A-EF8C-489D-B0C1-B1457AB90502}.Release|Any CPU.ActiveCfg = Release|Any CPU
		{7DDD215A-EF8C-489D-B0C1-B1457AB90502}.Release|Any CPU.Build.0 = Release|Any CPU
	EndGlobalSection
	GlobalSection(SolutionProperties) = preSolution
		HideSolutionNode = FALSE
	EndGlobalSection
	GlobalSection(ExtensibilityGlobals) = postSolution
		SolutionGuid = {1004D21F-4428-4594-A59F-EF33D75FE547}
	EndGlobalSection
EndGlobal
